
Microsoft Visual Studio Solution File, Format Version 12.00
Project("{FAE04EC0-301F-11D3-BF4B-00C04F79EFBC}") = "Overflow.AppHost", "Overflow.AppHost\Overflow.AppHost.csproj", "{4D22809D-8D56-4065-A38E-F4D3C2A3FDFD}"
EndProject
Project("{FAE04EC0-301F-11D3-BF4B-00C04F79EFBC}") = "Overflow.ServiceDefaults", "Overflow.ServiceDefaults\Overflow.ServiceDefaults.csproj", "{DC9086C6-C628-44C0-BC5C-8B1E5F5A77F0}"
EndProject
Global
	GlobalSection(SolutionConfigurationPlatforms) = preSolution
		Debug|Any CPU = Debug|Any CPU
		Release|Any CPU = Release|Any CPU
	EndGlobalSection
	GlobalSection(ProjectConfigurationPlatforms) = postSolution
		{4D22809D-8D56-4065-A38E-F4D3C2A3FDFD}.Debug|Any CPU.ActiveCfg = Debug|Any CPU
		{4D22809D-8D56-4065-A38E-F4D3C2A3FDFD}.Debug|Any CPU.Build.0 = Debug|Any CPU
		{4D22809D-8D56-4065-A38E-F4D3C2A3FDFD}.Release|Any CPU.ActiveCfg = Release|Any CPU
		{4D22809D-8D56-4065-A38E-F4D3C2A3FDFD}.Release|Any CPU.Build.0 = Release|Any CPU
		{DC9086C6-C628-44C0-BC5C-8B1E5F5A77F0}.Debug|Any CPU.ActiveCfg = Debug|Any CPU
		{DC9086C6-C628-44C0-BC5C-8B1E5F5A77F0}.Debug|Any CPU.Build.0 = Debug|Any CPU
		{DC9086C6-C628-44C0-BC5C-8B1E5F5A77F0}.Release|Any CPU.ActiveCfg = Release|Any CPU
		{DC9086C6-C628-44C0-BC5C-8B1E5F5A77F0}.Release|Any CPU.Build.0 = Release|Any CPU
	EndGlobalSection
EndGlobal
